// !$*UTF8*$!
{
	archiveVersion = 1;
	classes = {
	};
	objectVersion = 46;
	objects = {

/* Begin PBXBuildFile section */
		5662B21F1E94F7D2001ADA0B /* AppDelegate.swift in Sources */ = {isa = PBXBuildFile; fileRef = 5662B21E1E94F7D2001ADA0B /* AppDelegate.swift */; };
		5662B2211E94F7D2001ADA0B /* ViewController.swift in Sources */ = {isa = PBXBuildFile; fileRef = 5662B2201E94F7D2001ADA0B /* ViewController.swift */; };
		5662B2241E94F7D2001ADA0B /* Main.storyboard in Resources */ = {isa = PBXBuildFile; fileRef = 5662B2221E94F7D2001ADA0B /* Main.storyboard */; };
		5662B2261E94F7D2001ADA0B /* Assets.xcassets in Resources */ = {isa = PBXBuildFile; fileRef = 5662B2251E94F7D2001ADA0B /* Assets.xcassets */; };
		5662B2291E94F7D2001ADA0B /* LaunchScreen.storyboard in Resources */ = {isa = PBXBuildFile; fileRef = 5662B2271E94F7D2001ADA0B /* LaunchScreen.storyboard */; };
		5662B2341E94F7D2001ADA0B /* ChangeIconTests.swift in Sources */ = {isa = PBXBuildFile; fileRef = 5662B2331E94F7D2001ADA0B /* ChangeIconTests.swift */; };
		5662B23F1E94F7D2001ADA0B /* ChangeIconUITests.swift in Sources */ = {isa = PBXBuildFile; fileRef = 5662B23E1E94F7D2001ADA0B /* ChangeIconUITests.swift */; };
		569CBF9B1E95E1B700ED3B55 /* purpleicon@2x.png in Resources */ = {isa = PBXBuildFile; fileRef = 569CBF991E95E1B700ED3B55 /* purpleicon@2x.png */; };
		569CBF9C1E95E1B700ED3B55 /* purpleicon@3x.png in Resources */ = {isa = PBXBuildFile; fileRef = 569CBF9A1E95E1B700ED3B55 /* purpleicon@3x.png */; };
		569CBF9F1E95E5EA00ED3B55 /* ipadicon@2x.png in Resources */ = {isa = PBXBuildFile; fileRef = 569CBF9D1E95E5EA00ED3B55 /* ipadicon@2x.png */; };
		569CBFA01E95E5EA00ED3B55 /* ipadicon@3x.png in Resources */ = {isa = PBXBuildFile; fileRef = 569CBF9E1E95E5EA00ED3B55 /* ipadicon@3x.png */; };
		56B7339A1E9539A30020CB66 /* newicon@2x.png in Resources */ = {isa = PBXBuildFile; fileRef = 56B733991E9539A30020CB66 /* newicon@2x.png */; };
		56B7339C1E9539A90020CB66 /* newicon@3x.png in Resources */ = {isa = PBXBuildFile; fileRef = 56B7339B1E9539A90020CB66 /* newicon@3x.png */; };
/* End PBXBuildFile section */

/* Begin PBXContainerItemProxy section */
		5662B2301E94F7D2001ADA0B /* PBXContainerItemProxy */ = {
			isa = PBXContainerItemProxy;
			containerPortal = 5662B2131E94F7D2001ADA0B /* Project object */;
			proxyType = 1;
			remoteGlobalIDString = 5662B21A1E94F7D2001ADA0B;
			remoteInfo = ChangeIcon;
		};
		5662B23B1E94F7D2001ADA0B /* PBXContainerItemProxy */ = {
			isa = PBXContainerItemProxy;
			containerPortal = 5662B2131E94F7D2001ADA0B /* Project object */;
			proxyType = 1;
			remoteGlobalIDString = 5662B21A1E94F7D2001ADA0B;
			remoteInfo = ChangeIcon;
		};
/* End PBXContainerItemProxy section */

/* Begin PBXFileReference section */
		5662B21B1E94F7D2001ADA0B /* ChangeIcon.app */ = {isa = PBXFileReference; explicitFileType = wrapper.application; includeInIndex = 0; path = ChangeIcon.app; sourceTree = BUILT_PRODUCTS_DIR; };
		5662B21E1E94F7D2001ADA0B /* AppDelegate.swift */ = {isa = PBXFileReference; lastKnownFileType = sourcecode.swift; path = AppDelegate.swift; sourceTree = "<group>"; };
		5662B2201E94F7D2001ADA0B /* ViewController.swift */ = {isa = PBXFileReference; lastKnownFileType = sourcecode.swift; path = ViewController.swift; sourceTree = "<group>"; };
		5662B2231E94F7D2001ADA0B /* Base */ = {isa = PBXFileReference; lastKnownFileType = file.storyboard; name = Base; path = Base.lproj/Main.storyboard; sourceTree = "<group>"; };
		5662B2251E94F7D2001ADA0B /* Assets.xcassets */ = {isa = PBXFileReference; lastKnownFileType = folder.assetcatalog; path = Assets.xcassets; sourceTree = "<group>"; };
		5662B2281E94F7D2001ADA0B /* Base */ = {isa = PBXFileReference; lastKnownFileType = file.storyboard; name = Base; path = Base.lproj/LaunchScreen.storyboard; sourceTree = "<group>"; };
		5662B22A1E94F7D2001ADA0B /* Info.plist */ = {isa = PBXFileReference; lastKnownFileType = text.plist.xml; path = Info.plist; sourceTree = "<group>"; };
		5662B22F1E94F7D2001ADA0B /* ChangeIconTests.xctest */ = {isa = PBXFileReference; explicitFileType = wrapper.cfbundle; includeInIndex = 0; path = ChangeIconTests.xctest; sourceTree = BUILT_PRODUCTS_DIR; };
		5662B2331E94F7D2001ADA0B /* ChangeIconTests.swift */ = {isa = PBXFileReference; lastKnownFileType = sourcecode.swift; path = ChangeIconTests.swift; sourceTree = "<group>"; };
		5662B2351E94F7D2001ADA0B /* Info.plist */ = {isa = PBXFileReference; lastKnownFileType = text.plist.xml; path = Info.plist; sourceTree = "<group>"; };
		5662B23A1E94F7D2001ADA0B /* ChangeIconUITests.xctest */ = {isa = PBXFileReference; explicitFileType = wrapper.cfbundle; includeInIndex = 0; path = ChangeIconUITests.xctest; sourceTree = BUILT_PRODUCTS_DIR; };
		5662B23E1E94F7D2001ADA0B /* ChangeIconUITests.swift */ = {isa = PBXFileReference; lastKnownFileType = sourcecode.swift; path = ChangeIconUITests.swift; sourceTree = "<group>"; };
		5662B2401E94F7D2001ADA0B /* Info.plist */ = {isa = PBXFileReference; lastKnownFileType = text.plist.xml; path = Info.plist; sourceTree = "<group>"; };
		569CBF991E95E1B700ED3B55 /* purpleicon@2x.png */ = {isa = PBXFileReference; lastKnownFileType = image.png; path = "purpleicon@2x.png"; sourceTree = "<group>"; };
		569CBF9A1E95E1B700ED3B55 /* purpleicon@3x.png */ = {isa = PBXFileReference; lastKnownFileType = image.png; path = "purpleicon@3x.png"; sourceTree = "<group>"; };
		569CBF9D1E95E5EA00ED3B55 /* ipadicon@2x.png */ = {isa = PBXFileReference; lastKnownFileType = image.png; path = "ipadicon@2x.png"; sourceTree = "<group>"; };
		569CBF9E1E95E5EA00ED3B55 /* ipadicon@3x.png */ = {isa = PBXFileReference; lastKnownFileType = image.png; path = "ipadicon@3x.png"; sourceTree = "<group>"; };
		56B733991E9539A30020CB66 /* newicon@2x.png */ = {isa = PBXFileReference; lastKnownFileType = image.png; path = "newicon@2x.png"; sourceTree = "<group>"; };
		56B7339B1E9539A90020CB66 /* newicon@3x.png */ = {isa = PBXFileReference; lastKnownFileType = image.png; path = "newicon@3x.png"; sourceTree = "<group>"; };
/* End PBXFileReference section */

/* Begin PBXFrameworksBuildPhase section */
		5662B2181E94F7D2001ADA0B /* Frameworks */ = {
			isa = PBXFrameworksBuildPhase;
			buildActionMask = 2147483647;
			files = (
			);
			runOnlyForDeploymentPostprocessing = 0;
		};
		5662B22C1E94F7D2001ADA0B /* Frameworks */ = {
			isa = PBXFrameworksBuildPhase;
			buildActionMask = 2147483647;
			files = (
			);
			runOnlyForDeploymentPostprocessing = 0;
		};
		5662B2371E94F7D2001ADA0B /* Frameworks */ = {
			isa = PBXFrameworksBuildPhase;
			buildActionMask = 2147483647;
			files = (
			);
			runOnlyForDeploymentPostprocessing = 0;
		};
/* End PBXFrameworksBuildPhase section */

/* Begin PBXGroup section */
		5662B2121E94F7D2001ADA0B = {
			isa = PBXGroup;
			children = (
				5662B21D1E94F7D2001ADA0B /* ChangeIcon */,
				5662B2321E94F7D2001ADA0B /* ChangeIconTests */,
				5662B23D1E94F7D2001ADA0B /* ChangeIconUITests */,
				5662B21C1E94F7D2001ADA0B /* Products */,
			);
			sourceTree = "<group>";
		};
		5662B21C1E94F7D2001ADA0B /* Products */ = {
			isa = PBXGroup;
			children = (
				5662B21B1E94F7D2001ADA0B /* ChangeIcon.app */,
				5662B22F1E94F7D2001ADA0B /* ChangeIconTests.xctest */,
				5662B23A1E94F7D2001ADA0B /* ChangeIconUITests.xctest */,
			);
			name = Products;
			sourceTree = "<group>";
		};
		5662B21D1E94F7D2001ADA0B /* ChangeIcon */ = {
			isa = PBXGroup;
			children = (
				569CBF9D1E95E5EA00ED3B55 /* ipadicon@2x.png */,
				569CBF9E1E95E5EA00ED3B55 /* ipadicon@3x.png */,
				569CBF991E95E1B700ED3B55 /* purpleicon@2x.png */,
				569CBF9A1E95E1B700ED3B55 /* purpleicon@3x.png */,
				56B733991E9539A30020CB66 /* newicon@2x.png */,
				56B7339B1E9539A90020CB66 /* newicon@3x.png */,
				5662B21E1E94F7D2001ADA0B /* AppDelegate.swift */,
				5662B2201E94F7D2001ADA0B /* ViewController.swift */,
				5662B2221E94F7D2001ADA0B /* Main.storyboard */,
				5662B2251E94F7D2001ADA0B /* Assets.xcassets */,
				5662B2271E94F7D2001ADA0B /* LaunchScreen.storyboard */,
				5662B22A1E94F7D2001ADA0B /* Info.plist */,
			);
			path = ChangeIcon;
			sourceTree = "<group>";
		};
		5662B2321E94F7D2001ADA0B /* ChangeIconTests */ = {
			isa = PBXGroup;
			children = (
				5662B2331E94F7D2001ADA0B /* ChangeIconTests.swift */,
				5662B2351E94F7D2001ADA0B /* Info.plist */,
			);
			path = ChangeIconTests;
			sourceTree = "<group>";
		};
		5662B23D1E94F7D2001ADA0B /* ChangeIconUITests */ = {
			isa = PBXGroup;
			children = (
				5662B23E1E94F7D2001ADA0B /* ChangeIconUITests.swift */,
				5662B2401E94F7D2001ADA0B /* Info.plist */,
			);
			path = ChangeIconUITests;
			sourceTree = "<group>";
		};
/* End PBXGroup section */

/* Begin PBXNativeTarget section */
		5662B21A1E94F7D2001ADA0B /* ChangeIcon */ = {
			isa = PBXNativeTarget;
			buildConfigurationList = 5662B2431E94F7D2001ADA0B /* Build configuration list for PBXNativeTarget "ChangeIcon" */;
			buildPhases = (
				5662B2171E94F7D2001ADA0B /* Sources */,
				5662B2181E94F7D2001ADA0B /* Frameworks */,
				5662B2191E94F7D2001ADA0B /* Resources */,
			);
			buildRules = (
			);
			dependencies = (
			);
			name = ChangeIcon;
			productName = ChangeIcon;
			productReference = 5662B21B1E94F7D2001ADA0B /* ChangeIcon.app */;
			productType = "com.apple.product-type.application";
		};
		5662B22E1E94F7D2001ADA0B /* ChangeIconTests */ = {
			isa = PBXNativeTarget;
			buildConfigurationList = 5662B2461E94F7D2001ADA0B /* Build configuration list for PBXNativeTarget "ChangeIconTests" */;
			buildPhases = (
				5662B22B1E94F7D2001ADA0B /* Sources */,
				5662B22C1E94F7D2001ADA0B /* Frameworks */,
				5662B22D1E94F7D2001ADA0B /* Resources */,
			);
			buildRules = (
			);
			dependencies = (
				5662B2311E94F7D2001ADA0B /* PBXTargetDependency */,
			);
			name = ChangeIconTests;
			productName = ChangeIconTests;
			productReference = 5662B22F1E94F7D2001ADA0B /* ChangeIconTests.xctest */;
			productType = "com.apple.product-type.bundle.unit-test";
		};
		5662B2391E94F7D2001ADA0B /* ChangeIconUITests */ = {
			isa = PBXNativeTarget;
			buildConfigurationList = 5662B2491E94F7D2001ADA0B /* Build configuration list for PBXNativeTarget "ChangeIconUITests" */;
			buildPhases = (
				5662B2361E94F7D2001ADA0B /* Sources */,
				5662B2371E94F7D2001ADA0B /* Frameworks */,
				5662B2381E94F7D2001ADA0B /* Resources */,
			);
			buildRules = (
			);
			dependencies = (
				5662B23C1E94F7D2001ADA0B /* PBXTargetDependency */,
			);
			name = ChangeIconUITests;
			productName = ChangeIconUITests;
			productReference = 5662B23A1E94F7D2001ADA0B /* ChangeIconUITests.xctest */;
			productType = "com.apple.product-type.bundle.ui-testing";
		};
/* End PBXNativeTarget section */

/* Begin PBXProject section */
		5662B2131E94F7D2001ADA0B /* Project object */ = {
			isa = PBXProject;
			attributes = {
				LastSwiftUpdateCheck = 0830;
				LastUpgradeCheck = 0920;
				ORGANIZATIONNAME = shortshot;
				TargetAttributes = {
					5662B21A1E94F7D2001ADA0B = {
						CreatedOnToolsVersion = 8.3;
						DevelopmentTeam = 4ATZY28W58;
						ProvisioningStyle = Automatic;
					};
					5662B22E1E94F7D2001ADA0B = {
						CreatedOnToolsVersion = 8.3;
						ProvisioningStyle = Automatic;
						TestTargetID = 5662B21A1E94F7D2001ADA0B;
					};
					5662B2391E94F7D2001ADA0B = {
						CreatedOnToolsVersion = 8.3;
						ProvisioningStyle = Automatic;
						TestTargetID = 5662B21A1E94F7D2001ADA0B;
					};
				};
			};
			buildConfigurationList = 5662B2161E94F7D2001ADA0B /* Build configuration list for PBXProject "ChangeIcon" */;
			compatibilityVersion = "Xcode 3.2";
			developmentRegion = English;
			hasScannedForEncodings = 0;
			knownRegions = (
				en,
				Base,
			);
			mainGroup = 5662B2121E94F7D2001ADA0B;
			productRefGroup = 5662B21C1E94F7D2001ADA0B /* Products */;
			projectDirPath = "";
			projectRoot = "";
			targets = (
				5662B21A1E94F7D2001ADA0B /* ChangeIcon */,
				5662B22E1E94F7D2001ADA0B /* ChangeIconTests */,
				5662B2391E94F7D2001ADA0B /* ChangeIconUITests */,
			);
		};
/* End PBXProject section */

/* Begin PBXResourcesBuildPhase section */
		5662B2191E94F7D2001ADA0B /* Resources */ = {
			isa = PBXResourcesBuildPhase;
			buildActionMask = 2147483647;
			files = (
				569CBF9C1E95E1B700ED3B55 /* purpleicon@3x.png in Resources */,
				56B7339C1E9539A90020CB66 /* newicon@3x.png in Resources */,
				569CBFA01E95E5EA00ED3B55 /* ipadicon@3x.png in Resources */,
				569CBF9B1E95E1B700ED3B55 /* purpleicon@2x.png in Resources */,
				569CBF9F1E95E5EA00ED3B55 /* ipadicon@2x.png in Resources */,
				5662B2291E94F7D2001ADA0B /* LaunchScreen.storyboard in Resources */,
				5662B2261E94F7D2001ADA0B /* Assets.xcassets in Resources */,
				56B7339A1E9539A30020CB66 /* newicon@2x.png in Resources */,
				5662B2241E94F7D2001ADA0B /* Main.storyboard in Resources */,
			);
			runOnlyForDeploymentPostprocessing = 0;
		};
		5662B22D1E94F7D2001ADA0B /* Resources */ = {
			isa = PBXResourcesBuildPhase;
			buildActionMask = 2147483647;
			files = (
			);
			runOnlyForDeploymentPostprocessing = 0;
		};
		5662B2381E94F7D2001ADA0B /* Resources */ = {
			isa = PBXResourcesBuildPhase;
			buildActionMask = 2147483647;
			files = (
			);
			runOnlyForDeploymentPostprocessing = 0;
		};
/* End PBXResourcesBuildPhase section */

/* Begin PBXSourcesBuildPhase section */
		5662B2171E94F7D2001ADA0B /* Sources */ = {
			isa = PBXSourcesBuildPhase;
			buildActionMask = 2147483647;
			files = (
				5662B2211E94F7D2001ADA0B /* ViewController.swift in Sources */,
				5662B21F1E94F7D2001ADA0B /* AppDelegate.swift in Sources */,
			);
			runOnlyForDeploymentPostprocessing = 0;
		};
		5662B22B1E94F7D2001ADA0B /* Sources */ = {
			isa = PBXSourcesBuildPhase;
			buildActionMask = 2147483647;
			files = (
				5662B2341E94F7D2001ADA0B /* ChangeIconTests.swift in Sources */,
			);
			runOnlyForDeploymentPostprocessing = 0;
		};
		5662B2361E94F7D2001ADA0B /* Sources */ = {
			isa = PBXSourcesBuildPhase;
			buildActionMask = 2147483647;
			files = (
				5662B23F1E94F7D2001ADA0B /* ChangeIconUITests.swift in Sources */,
			);
			runOnlyForDeploymentPostprocessing = 0;
		};
/* End PBXSourcesBuildPhase section */

/* Begin PBXTargetDependency section */
		5662B2311E94F7D2001ADA0B /* PBXTargetDependency */ = {
			isa = PBXTargetDependency;
			target = 5662B21A1E94F7D2001ADA0B /* ChangeIcon */;
			targetProxy = 5662B2301E94F7D2001ADA0B /* PBXContainerItemProxy */;
		};
		5662B23C1E94F7D2001ADA0B /* PBXTargetDependency */ = {
			isa = PBXTargetDependency;
			target = 5662B21A1E94F7D2001ADA0B /* ChangeIcon */;
			targetProxy = 5662B23B1E94F7D2001ADA0B /* PBXContainerItemProxy */;
		};
/* End PBXTargetDependency section */

/* Begin PBXVariantGroup section */
		5662B2221E94F7D2001ADA0B /* Main.storyboard */ = {
			isa = PBXVariantGroup;
			children = (
				5662B2231E94F7D2001ADA0B /* Base */,
			);
			name = Main.storyboard;
			sourceTree = "<group>";
		};
		5662B2271E94F7D2001ADA0B /* LaunchScreen.storyboard */ = {
			isa = PBXVariantGroup;
			children = (
				5662B2281E94F7D2001ADA0B /* Base */,
			);
			name = LaunchScreen.storyboard;
			sourceTree = "<group>";
		};
/* End PBXVariantGroup section */

/* Begin XCBuildConfiguration section */
		5662B2411E94F7D2001ADA0B /* Debug */ = {
			isa = XCBuildConfiguration;
			buildSettings = {
				ALWAYS_SEARCH_USER_PATHS = NO;
				CLANG_ANALYZER_NONNULL = YES;
				CLANG_ANALYZER_NUMBER_OBJECT_CONVERSION = YES_AGGRESSIVE;
				CLANG_CXX_LANGUAGE_STANDARD = "gnu++0x";
				CLANG_CXX_LIBRARY = "libc++";
				CLANG_ENABLE_MODULES = YES;
				CLANG_ENABLE_OBJC_ARC = YES;
				CLANG_WARN_BLOCK_CAPTURE_AUTORELEASING = YES;
				CLANG_WARN_BOOL_CONVERSION = YES;
				CLANG_WARN_COMMA = YES;
				CLANG_WARN_CONSTANT_CONVERSION = YES;
				CLANG_WARN_DIRECT_OBJC_ISA_USAGE = YES_ERROR;
				CLANG_WARN_DOCUMENTATION_COMMENTS = YES;
				CLANG_WARN_EMPTY_BODY = YES;
				CLANG_WARN_ENUM_CONVERSION = YES;
				CLANG_WARN_INFINITE_RECURSION = YES;
				CLANG_WARN_INT_CONVERSION = YES;
				CLANG_WARN_NON_LITERAL_NULL_CONVERSION = YES;
				CLANG_WARN_OBJC_LITERAL_CONVERSION = YES;
				CLANG_WARN_OBJC_ROOT_CLASS = YES_ERROR;
				CLANG_WARN_RANGE_LOOP_ANALYSIS = YES;
				CLANG_WARN_STRICT_PROTOTYPES = YES;
				CLANG_WARN_SUSPICIOUS_MOVE = YES;
				CLANG_WARN_UNREACHABLE_CODE = YES;
				CLANG_WARN__DUPLICATE_METHOD_MATCH = YES;
				"CODE_SIGN_IDENTITY[sdk=iphoneos*]" = "iPhone Developer";
				COPY_PHASE_STRIP = NO;
				DEBUG_INFORMATION_FORMAT = dwarf;
				ENABLE_STRICT_OBJC_MSGSEND = YES;
				ENABLE_TESTABILITY = YES;
				GCC_C_LANGUAGE_STANDARD = gnu99;
				GCC_DYNAMIC_NO_PIC = NO;
				GCC_NO_COMMON_BLOCKS = YES;
				GCC_OPTIMIZATION_LEVEL = 0;
				GCC_PREPROCESSOR_DEFINITIONS = (
					"DEBUG=1",
					"$(inherited)",
				);
				GCC_WARN_64_TO_32_BIT_CONVERSION = YES;
				GCC_WARN_ABOUT_RETURN_TYPE = YES_ERROR;
				GCC_WARN_UNDECLARED_SELECTOR = YES;
				GCC_WARN_UNINITIALIZED_AUTOS = YES_AGGRESSIVE;
				GCC_WARN_UNUSED_FUNCTION = YES;
				GCC_WARN_UNUSED_VARIABLE = YES;
				IPHONEOS_DEPLOYMENT_TARGET = 10.3;
				MTL_ENABLE_DEBUG_INFO = YES;
				ONLY_ACTIVE_ARCH = YES;
				SDKROOT = iphoneos;
				SWIFT_ACTIVE_COMPILATION_CONDITIONS = DEBUG;
				SWIFT_OPTIMIZATION_LEVEL = "-Onone";
				TARGETED_DEVICE_FAMILY = "1,2";
			};
			name = Debug;
		};
		5662B2421E94F7D2001ADA0B /* Release */ = {
			isa = XCBuildConfiguration;
			buildSettings = {
				ALWAYS_SEARCH_USER_PATHS = NO;
				CLANG_ANALYZER_NONNULL = YES;
				CLANG_ANALYZER_NUMBER_OBJECT_CONVERSION = YES_AGGRESSIVE;
				CLANG_CXX_LANGUAGE_STANDARD = "gnu++0x";
				CLANG_CXX_LIBRARY = "libc++";
				CLANG_ENABLE_MODULES = YES;
				CLANG_ENABLE_OBJC_ARC = YES;
				CLANG_WARN_BLOCK_CAPTURE_AUTORELEASING = YES;
				CLANG_WARN_BOOL_CONVERSION = YES;
				CLANG_WARN_COMMA = YES;
				CLANG_WARN_CONSTANT_CONVERSION = YES;
				CLANG_WARN_DIRECT_OBJC_ISA_USAGE = YES_ERROR;
				CLANG_WARN_DOCUMENTATION_COMMENTS = YES;
				CLANG_WARN_EMPTY_BODY = YES;
				CLANG_WARN_ENUM_CONVERSION = YES;
				CLANG_WARN_INFINITE_RECURSION = YES;
				CLANG_WARN_INT_CONVERSION = YES;
				CLANG_WARN_NON_LITERAL_NULL_CONVERSION = YES;
				CLANG_WARN_OBJC_LITERAL_CONVERSION = YES;
				CLANG_WARN_OBJC_ROOT_CLASS = YES_ERROR;
				CLANG_WARN_RANGE_LOOP_ANALYSIS = YES;
				CLANG_WARN_STRICT_PROTOTYPES = YES;
				CLANG_WARN_SUSPICIOUS_MOVE = YES;
				CLANG_WARN_UNREACHABLE_CODE = YES;
				CLANG_WARN__DUPLICATE_METHOD_MATCH = YES;
				"CODE_SIGN_IDENTITY[sdk=iphoneos*]" = "iPhone Developer";
				COPY_PHASE_STRIP = NO;
				DEBUG_INFORMATION_FORMAT = "dwarf-with-dsym";
				ENABLE_NS_ASSERTIONS = NO;
				ENABLE_STRICT_OBJC_MSGSEND = YES;
				GCC_C_LANGUAGE_STANDARD = gnu99;
				GCC_NO_COMMON_BLOCKS = YES;
				GCC_WARN_64_TO_32_BIT_CONVERSION = YES;
				GCC_WARN_ABOUT_RETURN_TYPE = YES_ERROR;
				GCC_WARN_UNDECLARED_SELECTOR = YES;
				GCC_WARN_UNINITIALIZED_AUTOS = YES_AGGRESSIVE;
				GCC_WARN_UNUSED_FUNCTION = YES;
				GCC_WARN_UNUSED_VARIABLE = YES;
				IPHONEOS_DEPLOYMENT_TARGET = 10.3;
				MTL_ENABLE_DEBUG_INFO = NO;
				SDKROOT = iphoneos;
				SWIFT_OPTIMIZATION_LEVEL = "-Owholemodule";
				TARGETED_DEVICE_FAMILY = "1,2";
				VALIDATE_PRODUCT = YES;
			};
			name = Release;
		};
		5662B2441E94F7D2001ADA0B /* Debug */ = {
			isa = XCBuildConfiguration;
			buildSettings = {
				ASSETCATALOG_COMPILER_APPICON_NAME = AppIcon;
				DEVELOPMENT_TEAM = 4ATZY28W58;
				INFOPLIST_FILE = ChangeIcon/Info.plist;
				LD_RUNPATH_SEARCH_PATHS = "$(inherited) @executable_path/Frameworks";
				PRODUCT_BUNDLE_IDENTIFIER = com.shortshot.ChangeIcon;
				PRODUCT_NAME = "$(TARGET_NAME)";
				SWIFT_VERSION = 3.0;
			};
			name = Debug;
		};
		5662B2451E94F7D2001ADA0B /* Release */ = {
			isa = XCBuildConfiguration;
			buildSettings = {
				ASSETCATALOG_COMPILER_APPICON_NAME = AppIcon;
				DEVELOPMENT_TEAM = 4ATZY28W58;
				INFOPLIST_FILE = ChangeIcon/Info.plist;
				LD_RUNPATH_SEARCH_PATHS = "$(inherited) @executable_path/Frameworks";
				PRODUCT_BUNDLE_IDENTIFIER = com.shortshot.ChangeIcon;
				PRODUCT_NAME = "$(TARGET_NAME)";
				SWIFT_VERSION = 3.0;
			};
			name = Release;
		};
		5662B2471E94F7D2001ADA0B /* Debug */ = {
			isa = XCBuildConfiguration;
			buildSettings = {
				ALWAYS_EMBED_SWIFT_STANDARD_LIBRARIES = YES;
				BUNDLE_LOADER = "$(TEST_HOST)";
				INFOPLIST_FILE = ChangeIconTests/Info.plist;
				LD_RUNPATH_SEARCH_PATHS = "$(inherited) @executable_path/Frameworks @loader_path/Frameworks";
				PRODUCT_BUNDLE_IDENTIFIER = com.shortshot.ChangeIconTests;
				PRODUCT_NAME = "$(TARGET_NAME)";
				SWIFT_VERSION = 3.0;
				TEST_HOST = "$(BUILT_PRODUCTS_DIR)/ChangeIcon.app/ChangeIcon";
			};
			name = Debug;
		};
		5662B2481E94F7D2001ADA0B /* Release */ = {
			isa = XCBuildConfiguration;
			buildSettings = {
				ALWAYS_EMBED_SWIFT_STANDARD_LIBRARIES = YES;
				BUNDLE_LOADER = "$(TEST_HOST)";
				INFOPLIST_FILE = ChangeIconTests/Info.plist;
				LD_RUNPATH_SEARCH_PATHS = "$(inherited) @executable_path/Frameworks @loader_path/Frameworks";
				PRODUCT_BUNDLE_IDENTIFIER = com.shortshot.ChangeIconTests;
				PRODUCT_NAME = "$(TARGET_NAME)";
				SWIFT_VERSION = 3.0;
				TEST_HOST = "$(BUILT_PRODUCTS_DIR)/ChangeIcon.app/ChangeIcon";
			};
			name = Release;
		};
		5662B24A1E94F7D2001ADA0B /* Debug */ = {
			isa = XCBuildConfiguration;
			buildSettings = {
				ALWAYS_EMBED_SWIFT_STANDARD_LIBRARIES = YES;
				INFOPLIST_FILE = ChangeIconUITests/Info.plist;
				LD_RUNPATH_SEARCH_PATHS = "$(inherited) @executable_path/Frameworks @loader_path/Frameworks";
				PRODUCT_BUNDLE_IDENTIFIER = com.shortshot.ChangeIconUITests;
				PRODUCT_NAME = "$(TARGET_NAME)";
				SWIFT_VERSION = 3.0;
				TEST_TARGET_NAME = ChangeIcon;
			};
			name = Debug;
		};
		5662B24B1E94F7D2001ADA0B /* Release */ = {
			isa = XCBuildConfiguration;
			buildSettings = {
				ALWAYS_EMBED_SWIFT_STANDARD_LIBRARIES = YES;
				INFOPLIST_FILE = ChangeIconUITests/Info.plist;
				LD_RUNPATH_SEARCH_PATHS = "$(inherited) @executable_path/Frameworks @loader_path/Frameworks";
				PRODUCT_BUNDLE_IDENTIFIER = com.shortshot.ChangeIconUITests;
				PRODUCT_NAME = "$(TARGET_NAME)";
				SWIFT_VERSION = 3.0;
				TEST_TARGET_NAME = ChangeIcon;
			};
			name = Release;
		};
/* End XCBuildConfiguration section */

/* Begin XCConfigurationList section */
		5662B2161E94F7D2001ADA0B /* Build configuration list for PBXProject "ChangeIcon" */ = {
			isa = XCConfigurationList;
			buildConfigurations = (
				5662B2411E94F7D2001ADA0B /* Debug */,
				5662B2421E94F7D2001ADA0B /* Release */,
			);
			defaultConfigurationIsVisible = 0;
			defaultConfigurationName = Release;
		};
		5662B2431E94F7D2001ADA0B /* Build configuration list for PBXNativeTarget "ChangeIcon" */ = {
			isa = XCConfigurationList;
			buildConfigurations = (
				5662B2441E94F7D2001ADA0B /* Debug */,
				5662B2451E94F7D2001ADA0B /* Release */,
			);
			defaultConfigurationIsVisible = 0;
			defaultConfigurationName = Release;
		};
		5662B2461E94F7D2001ADA0B /* Build configuration list for PBXNativeTarget "ChangeIconTests" */ = {
			isa = XCConfigurationList;
			buildConfigurations = (
				5662B2471E94F7D2001ADA0B /* Debug */,
				5662B2481E94F7D2001ADA0B /* Release */,
			);
			defaultConfigurationIsVisible = 0;
			defaultConfigurationName = Release;
		};
		5662B2491E94F7D2001ADA0B /* Build configuration list for PBXNativeTarget "ChangeIconUITests" */ = {
			isa = XCConfigurationList;
			buildConfigurations = (
				5662B24A1E94F7D2001ADA0B /* Debug */,
				5662B24B1E94F7D2001ADA0B /* Release */,
			);
			defaultConfigurationIsVisible = 0;
			defaultConfigurationName = Release;
		};
/* End XCConfigurationList section */
	};
	rootObject = 5662B2131E94F7D2001ADA0B /* Project object */;
}
